
Microsoft Visual Studio Solution File, Format Version 12.00
# Visual Studio Version 16
VisualStudioVersion = 16.0.29209.152
MinimumVisualStudioVersion = 10.0.40219.1
Project("{FAE04EC0-301F-11D3-BF4B-00C04F79EFBC}") = "HamburgerMenuTest", "HamburgerMenuTest\HamburgerMenuTest.csproj", "{1BE63BD1-85DE-4F17-82D2-D350F51A7ED7}"
EndProject
Global
	GlobalSection(SolutionConfigurationPlatforms) = preSolution
		Debug|Any CPU = Debug|Any CPU
		Release|Any CPU = Release|Any CPU
	EndGlobalSection
	GlobalSection(ProjectConfigurationPlatforms) = postSolution
		{1BE63BD1-85DE-4F17-82D2-D350F51A7ED7}.Debug|Any CPU.ActiveCfg = Debug|Any CPU
		{1BE63BD1-85DE-4F17-82D2-D350F51A7ED7}.Debug|Any CPU.Build.0 = Debug|Any CPU
		{1BE63BD1-85DE-4F17-82D2-D350F51A7ED7}.Release|Any CPU.ActiveCfg = Release|Any CPU
		{1BE63BD1-85DE-4F17-82D2-D350F51A7ED7}.Release|Any CPU.Build.0 = Release|Any CPU
	EndGlobalSection
	GlobalSection(SolutionProperties) = preSolution
		HideSolutionNode = FALSE
	EndGlobalSection
	GlobalSection(ExtensibilityGlobals) = postSolution
		SolutionGuid = {5955BA56-6FF0-4B43-891D-A1A27AA502F3}
	EndGlobalSection
EndGlobal
